
Microsoft Visual Studio Solution File, Format Version 12.00
Project("{FAE04EC0-301F-11D3-BF4B-00C04F79EFBC}") = "OBP200-RolePlayingGame", "OBP200-RolePlayingGame\OBP200-RolePlayingGame.csproj", "{3F0F74A9-5124-4725-B191-F8F34092D6D1}"
EndProject
Global
	GlobalSection(SolutionConfigurationPlatforms) = preSolution
		Debug|Any CPU = Debug|Any CPU
		Release|Any CPU = Release|Any CPU
	EndGlobalSection
	GlobalSection(ProjectConfigurationPlatforms) = postSolution
		{3F0F74A9-5124-4725-B191-F8F34092D6D1}.Debug|Any CPU.ActiveCfg = Debug|Any CPU
		{3F0F74A9-5124-4725-B191-F8F34092D6D1}.Debug|Any CPU.Build.0 = Debug|Any CPU
		{3F0F74A9-5124-4725-B191-F8F34092D6D1}.Release|Any CPU.ActiveCfg = Release|Any CPU
		{3F0F74A9-5124-4725-B191-F8F34092D6D1}.Release|Any CPU.Build.0 = Release|Any CPU
	EndGlobalSection
EndGlobal
